
Microsoft Visual Studio Solution File, Format Version 12.00
# Visual Studio Version 17
VisualStudioVersion = 17.5.002.0
MinimumVisualStudioVersion = 10.0.40219.1
Project("{9A19103F-16F7-4668-BE54-9A1E7A4F7556}") = "非課程 用asp.net core 建立報表", "非課程 用asp.net core 建立報表.csproj", "{A9F715D9-65F0-4319-999C-E48A4C1EB25E}"
EndProject
Global
	GlobalSection(SolutionConfigurationPlatforms) = preSolution
		Debug|Any CPU = Debug|Any CPU
		Release|Any CPU = Release|Any CPU
	EndGlobalSection
	GlobalSection(ProjectConfigurationPlatforms) = postSolution
		{A9F715D9-65F0-4319-999C-E48A4C1EB25E}.Debug|Any CPU.ActiveCfg = Debug|Any CPU
		{A9F715D9-65F0-4319-999C-E48A4C1EB25E}.Debug|Any CPU.Build.0 = Debug|Any CPU
		{A9F715D9-65F0-4319-999C-E48A4C1EB25E}.Release|Any CPU.ActiveCfg = Release|Any CPU
		{A9F715D9-65F0-4319-999C-E48A4C1EB25E}.Release|Any CPU.Build.0 = Release|Any CPU
	EndGlobalSection
	GlobalSection(SolutionProperties) = preSolution
		HideSolutionNode = FALSE
	EndGlobalSection
	GlobalSection(ExtensibilityGlobals) = postSolution
		SolutionGuid = {9E2402C3-C1FF-46C5-A51A-DBA00A37806B}
	EndGlobalSection
EndGlobal
